// !$*UTF8*$!
{
	archiveVersion = 1;
	classes = {
	};
	objectVersion = 50;
	objects = {

/* Begin PBXBuildFile section */
		2BC01273235B8D13006102DA /* AppDelegate.swift in Sources */ = {isa = PBXBuildFile; fileRef = 2BC01272235B8D13006102DA /* AppDelegate.swift */; };
		2BC01275235B8D13006102DA /* ViewController.swift in Sources */ = {isa = PBXBuildFile; fileRef = 2BC01274235B8D13006102DA /* ViewController.swift */; };
		2BC01278235B8D13006102DA /* Main.storyboard in Resources */ = {isa = PBXBuildFile; fileRef = 2BC01276235B8D13006102DA /* Main.storyboard */; };
		2BC0127A235B8D14006102DA /* Assets.xcassets in Resources */ = {isa = PBXBuildFile; fileRef = 2BC01279235B8D14006102DA /* Assets.xcassets */; };
		2BC0127D235B8D14006102DA /* LaunchScreen.storyboard in Resources */ = {isa = PBXBuildFile; fileRef = 2BC0127B235B8D14006102DA /* LaunchScreen.storyboard */; };
		2BC01314235C5096006102DA /* FormValidator.swift in Sources */ = {isa = PBXBuildFile; fileRef = 2BC012FE235C5096006102DA /* FormValidator.swift */; };
		2BC01315235C5096006102DA /* Validator.swift in Sources */ = {isa = PBXBuildFile; fileRef = 2BC012FF235C5096006102DA /* Validator.swift */; };
		2BC01316235C5096006102DA /* ValidationType.swift in Sources */ = {isa = PBXBuildFile; fileRef = 2BC01301235C5096006102DA /* ValidationType.swift */; };
		2BC01317235C5096006102DA /* ValidationPattern.swift in Sources */ = {isa = PBXBuildFile; fileRef = 2BC01302235C5096006102DA /* ValidationPattern.swift */; };
		2BC01318235C5096006102DA /* ValidationError.swift in Sources */ = {isa = PBXBuildFile; fileRef = 2BC01303235C5096006102DA /* ValidationError.swift */; };
		2BC01319235C5096006102DA /* ValidationResult.swift in Sources */ = {isa = PBXBuildFile; fileRef = 2BC01304235C5096006102DA /* ValidationResult.swift */; };
		2BC0131A235C5096006102DA /* UISwitch+ValidatableControl.swift in Sources */ = {isa = PBXBuildFile; fileRef = 2BC01306235C5096006102DA /* UISwitch+ValidatableControl.swift */; };
		2BC0131B235C5096006102DA /* UITextField+ValidatableControl.swift in Sources */ = {isa = PBXBuildFile; fileRef = 2BC01307235C5096006102DA /* UITextField+ValidatableControl.swift */; };
		2BC0131C235C5096006102DA /* UISlider+ValidatableControl.swift in Sources */ = {isa = PBXBuildFile; fileRef = 2BC01308235C5096006102DA /* UISlider+ValidatableControl.swift */; };
		2BC0131D235C5096006102DA /* ValidationRuleEqual.swift in Sources */ = {isa = PBXBuildFile; fileRef = 2BC0130A235C5096006102DA /* ValidationRuleEqual.swift */; };
		2BC0131E235C5096006102DA /* ValidationRuleNumeric.swift in Sources */ = {isa = PBXBuildFile; fileRef = 2BC0130B235C5096006102DA /* ValidationRuleNumeric.swift */; };
		2BC0131F235C5096006102DA /* ValidationRulePattern.swift in Sources */ = {isa = PBXBuildFile; fileRef = 2BC0130C235C5096006102DA /* ValidationRulePattern.swift */; };
		2BC01320235C5096006102DA /* ValidationRuleDecimal.swift in Sources */ = {isa = PBXBuildFile; fileRef = 2BC0130D235C5096006102DA /* ValidationRuleDecimal.swift */; };
		2BC01321235C5096006102DA /* ValidationRuleRequired.swift in Sources */ = {isa = PBXBuildFile; fileRef = 2BC0130E235C5096006102DA /* ValidationRuleRequired.swift */; };
		2BC01322235C5096006102DA /* ValidationRuleLength.swift in Sources */ = {isa = PBXBuildFile; fileRef = 2BC0130F235C5096006102DA /* ValidationRuleLength.swift */; };
		2BC01323235C5096006102DA /* ErrorPresentableControl.swift in Sources */ = {isa = PBXBuildFile; fileRef = 2BC01311235C5096006102DA /* ErrorPresentableControl.swift */; };
		2BC01324235C5096006102DA /* ValidatableControl.swift in Sources */ = {isa = PBXBuildFile; fileRef = 2BC01312235C5096006102DA /* ValidatableControl.swift */; };
		2BC01325235C5096006102DA /* ValidationRule.swift in Sources */ = {isa = PBXBuildFile; fileRef = 2BC01313235C5096006102DA /* ValidationRule.swift */; };
		2BC01327235C51C9006102DA /* ValidationRuleBoolean.swift in Sources */ = {isa = PBXBuildFile; fileRef = 2BC01326235C51C9006102DA /* ValidationRuleBoolean.swift */; };
/* End PBXBuildFile section */

/* Begin PBXFileReference section */
		2BC0126F235B8D13006102DA /* Example.app */ = {isa = PBXFileReference; explicitFileType = wrapper.application; includeInIndex = 0; path = Example.app; sourceTree = BUILT_PRODUCTS_DIR; };
		2BC01272235B8D13006102DA /* AppDelegate.swift */ = {isa = PBXFileReference; lastKnownFileType = sourcecode.swift; path = AppDelegate.swift; sourceTree = "<group>"; };
		2BC01274235B8D13006102DA /* ViewController.swift */ = {isa = PBXFileReference; lastKnownFileType = sourcecode.swift; path = ViewController.swift; sourceTree = "<group>"; };
		2BC01277235B8D13006102DA /* Base */ = {isa = PBXFileReference; lastKnownFileType = file.storyboard; name = Base; path = Base.lproj/Main.storyboard; sourceTree = "<group>"; };
		2BC01279235B8D14006102DA /* Assets.xcassets */ = {isa = PBXFileReference; lastKnownFileType = folder.assetcatalog; path = Assets.xcassets; sourceTree = "<group>"; };
		2BC0127C235B8D14006102DA /* Base */ = {isa = PBXFileReference; lastKnownFileType = file.storyboard; name = Base; path = Base.lproj/LaunchScreen.storyboard; sourceTree = "<group>"; };
		2BC0127E235B8D14006102DA /* Info.plist */ = {isa = PBXFileReference; lastKnownFileType = text.plist.xml; path = Info.plist; sourceTree = "<group>"; };
		2BC012FE235C5096006102DA /* FormValidator.swift */ = {isa = PBXFileReference; fileEncoding = 4; lastKnownFileType = sourcecode.swift; path = FormValidator.swift; sourceTree = "<group>"; };
		2BC012FF235C5096006102DA /* Validator.swift */ = {isa = PBXFileReference; fileEncoding = 4; lastKnownFileType = sourcecode.swift; path = Validator.swift; sourceTree = "<group>"; };
		2BC01301235C5096006102DA /* ValidationType.swift */ = {isa = PBXFileReference; fileEncoding = 4; lastKnownFileType = sourcecode.swift; path = ValidationType.swift; sourceTree = "<group>"; };
		2BC01302235C5096006102DA /* ValidationPattern.swift */ = {isa = PBXFileReference; fileEncoding = 4; lastKnownFileType = sourcecode.swift; path = ValidationPattern.swift; sourceTree = "<group>"; };
		2BC01303235C5096006102DA /* ValidationError.swift */ = {isa = PBXFileReference; fileEncoding = 4; lastKnownFileType = sourcecode.swift; path = ValidationError.swift; sourceTree = "<group>"; };
		2BC01304235C5096006102DA /* ValidationResult.swift */ = {isa = PBXFileReference; fileEncoding = 4; lastKnownFileType = sourcecode.swift; path = ValidationResult.swift; sourceTree = "<group>"; };
		2BC01306235C5096006102DA /* UISwitch+ValidatableControl.swift */ = {isa = PBXFileReference; fileEncoding = 4; lastKnownFileType = sourcecode.swift; path = "UISwitch+ValidatableControl.swift"; sourceTree = "<group>"; };
		2BC01307235C5096006102DA /* UITextField+ValidatableControl.swift */ = {isa = PBXFileReference; fileEncoding = 4; lastKnownFileType = sourcecode.swift; path = "UITextField+ValidatableControl.swift"; sourceTree = "<group>"; };
		2BC01308235C5096006102DA /* UISlider+ValidatableControl.swift */ = {isa = PBXFileReference; fileEncoding = 4; lastKnownFileType = sourcecode.swift; path = "UISlider+ValidatableControl.swift"; sourceTree = "<group>"; };
		2BC0130A235C5096006102DA /* ValidationRuleEqual.swift */ = {isa = PBXFileReference; fileEncoding = 4; lastKnownFileType = sourcecode.swift; path = ValidationRuleEqual.swift; sourceTree = "<group>"; };
		2BC0130B235C5096006102DA /* ValidationRuleNumeric.swift */ = {isa = PBXFileReference; fileEncoding = 4; lastKnownFileType = sourcecode.swift; path = ValidationRuleNumeric.swift; sourceTree = "<group>"; };
		2BC0130C235C5096006102DA /* ValidationRulePattern.swift */ = {isa = PBXFileReference; fileEncoding = 4; lastKnownFileType = sourcecode.swift; path = ValidationRulePattern.swift; sourceTree = "<group>"; };
		2BC0130D235C5096006102DA /* ValidationRuleDecimal.swift */ = {isa = PBXFileReference; fileEncoding = 4; lastKnownFileType = sourcecode.swift; path = ValidationRuleDecimal.swift; sourceTree = "<group>"; };
		2BC0130E235C5096006102DA /* ValidationRuleRequired.swift */ = {isa = PBXFileReference; fileEncoding = 4; lastKnownFileType = sourcecode.swift; path = ValidationRuleRequired.swift; sourceTree = "<group>"; };
		2BC0130F235C5096006102DA /* ValidationRuleLength.swift */ = {isa = PBXFileReference; fileEncoding = 4; lastKnownFileType = sourcecode.swift; path = ValidationRuleLength.swift; sourceTree = "<group>"; };
		2BC01311235C5096006102DA /* ErrorPresentableControl.swift */ = {isa = PBXFileReference; fileEncoding = 4; lastKnownFileType = sourcecode.swift; path = ErrorPresentableControl.swift; sourceTree = "<group>"; };
		2BC01312235C5096006102DA /* ValidatableControl.swift */ = {isa = PBXFileReference; fileEncoding = 4; lastKnownFileType = sourcecode.swift; path = ValidatableControl.swift; sourceTree = "<group>"; };
		2BC01313235C5096006102DA /* ValidationRule.swift */ = {isa = PBXFileReference; fileEncoding = 4; lastKnownFileType = sourcecode.swift; path = ValidationRule.swift; sourceTree = "<group>"; };
		2BC01326235C51C9006102DA /* ValidationRuleBoolean.swift */ = {isa = PBXFileReference; lastKnownFileType = sourcecode.swift; path = ValidationRuleBoolean.swift; sourceTree = "<group>"; };
/* End PBXFileReference section */

/* Begin PBXFrameworksBuildPhase section */
		2BC0126C235B8D13006102DA /* Frameworks */ = {
			isa = PBXFrameworksBuildPhase;
			buildActionMask = 2147483647;
			files = (
			);
			runOnlyForDeploymentPostprocessing = 0;
		};
/* End PBXFrameworksBuildPhase section */

/* Begin PBXGroup section */
		2BC01266235B8D13006102DA = {
			isa = PBXGroup;
			children = (
				2BC01271235B8D13006102DA /* Example */,
				2BC012FD235C5096006102DA /* Classes */,
				2BC01270235B8D13006102DA /* Products */,
			);
			sourceTree = "<group>";
		};
		2BC01270235B8D13006102DA /* Products */ = {
			isa = PBXGroup;
			children = (
				2BC0126F235B8D13006102DA /* Example.app */,
			);
			name = Products;
			sourceTree = "<group>";
		};
		2BC01271235B8D13006102DA /* Example */ = {
			isa = PBXGroup;
			children = (
				2BC01272235B8D13006102DA /* AppDelegate.swift */,
				2BC01274235B8D13006102DA /* ViewController.swift */,
				2BC01276235B8D13006102DA /* Main.storyboard */,
				2BC01279235B8D14006102DA /* Assets.xcassets */,
				2BC0127B235B8D14006102DA /* LaunchScreen.storyboard */,
				2BC0127E235B8D14006102DA /* Info.plist */,
			);
			path = Example;
			sourceTree = "<group>";
		};
		2BC012FD235C5096006102DA /* Classes */ = {
			isa = PBXGroup;
			children = (
				2BC012FE235C5096006102DA /* FormValidator.swift */,
				2BC012FF235C5096006102DA /* Validator.swift */,
				2BC01300235C5096006102DA /* Models */,
				2BC01305235C5096006102DA /* Extensions */,
				2BC01309235C5096006102DA /* ValidationRules */,
				2BC01310235C5096006102DA /* Protocols */,
			);
			name = Classes;
			path = ../Source/FormValidator/Classes;
			sourceTree = "<group>";
		};
		2BC01300235C5096006102DA /* Models */ = {
			isa = PBXGroup;
			children = (
				2BC01301235C5096006102DA /* ValidationType.swift */,
				2BC01302235C5096006102DA /* ValidationPattern.swift */,
				2BC01303235C5096006102DA /* ValidationError.swift */,
				2BC01304235C5096006102DA /* ValidationResult.swift */,
			);
			path = Models;
			sourceTree = "<group>";
		};
		2BC01305235C5096006102DA /* Extensions */ = {
			isa = PBXGroup;
			children = (
				2BC01306235C5096006102DA /* UISwitch+ValidatableControl.swift */,
				2BC01307235C5096006102DA /* UITextField+ValidatableControl.swift */,
				2BC01308235C5096006102DA /* UISlider+ValidatableControl.swift */,
			);
			path = Extensions;
			sourceTree = "<group>";
		};
		2BC01309235C5096006102DA /* ValidationRules */ = {
			isa = PBXGroup;
			children = (
				2BC0130A235C5096006102DA /* ValidationRuleEqual.swift */,
				2BC0130B235C5096006102DA /* ValidationRuleNumeric.swift */,
				2BC0130C235C5096006102DA /* ValidationRulePattern.swift */,
				2BC0130D235C5096006102DA /* ValidationRuleDecimal.swift */,
				2BC0130E235C5096006102DA /* ValidationRuleRequired.swift */,
				2BC01326235C51C9006102DA /* ValidationRuleBoolean.swift */,
				2BC0130F235C5096006102DA /* ValidationRuleLength.swift */,
			);
			path = ValidationRules;
			sourceTree = "<group>";
		};
		2BC01310235C5096006102DA /* Protocols */ = {
			isa = PBXGroup;
			children = (
				2BC01311235C5096006102DA /* ErrorPresentableControl.swift */,
				2BC01312235C5096006102DA /* ValidatableControl.swift */,
				2BC01313235C5096006102DA /* ValidationRule.swift */,
			);
			path = Protocols;
			sourceTree = "<group>";
		};
/* End PBXGroup section */

/* Begin PBXNativeTarget section */
		2BC0126E235B8D13006102DA /* Example */ = {
			isa = PBXNativeTarget;
			buildConfigurationList = 2BC01281235B8D14006102DA /* Build configuration list for PBXNativeTarget "Example" */;
			buildPhases = (
				2BC0126B235B8D13006102DA /* Sources */,
				2BC0126C235B8D13006102DA /* Frameworks */,
				2BC0126D235B8D13006102DA /* Resources */,
			);
			buildRules = (
			);
			dependencies = (
			);
			name = Example;
			productName = Example;
			productReference = 2BC0126F235B8D13006102DA /* Example.app */;
			productType = "com.apple.product-type.application";
		};
/* End PBXNativeTarget section */

/* Begin PBXProject section */
		2BC01267235B8D13006102DA /* Project object */ = {
			isa = PBXProject;
			attributes = {
				LastSwiftUpdateCheck = 1030;
				LastUpgradeCheck = 1030;
				ORGANIZATIONNAME = "Allan Stejlborg";
				TargetAttributes = {
					2BC0126E235B8D13006102DA = {
						CreatedOnToolsVersion = 10.3;
					};
				};
			};
			buildConfigurationList = 2BC0126A235B8D13006102DA /* Build configuration list for PBXProject "Example" */;
			compatibilityVersion = "Xcode 9.3";
			developmentRegion = en;
			hasScannedForEncodings = 0;
			knownRegions = (
				en,
				Base,
			);
			mainGroup = 2BC01266235B8D13006102DA;
			productRefGroup = 2BC01270235B8D13006102DA /* Products */;
			projectDirPath = "";
			projectRoot = "";
			targets = (
				2BC0126E235B8D13006102DA /* Example */,
			);
		};
/* End PBXProject section */

/* Begin PBXResourcesBuildPhase section */
		2BC0126D235B8D13006102DA /* Resources */ = {
			isa = PBXResourcesBuildPhase;
			buildActionMask = 2147483647;
			files = (
				2BC0127D235B8D14006102DA /* LaunchScreen.storyboard in Resources */,
				2BC0127A235B8D14006102DA /* Assets.xcassets in Resources */,
				2BC01278235B8D13006102DA /* Main.storyboard in Resources */,
			);
			runOnlyForDeploymentPostprocessing = 0;
		};
/* End PBXResourcesBuildPhase section */

/* Begin PBXSourcesBuildPhase section */
		2BC0126B235B8D13006102DA /* Sources */ = {
			isa = PBXSourcesBuildPhase;
			buildActionMask = 2147483647;
			files = (
				2BC0131E235C5096006102DA /* ValidationRuleNumeric.swift in Sources */,
				2BC01327235C51C9006102DA /* ValidationRuleBoolean.swift in Sources */,
				2BC01316235C5096006102DA /* ValidationType.swift in Sources */,
				2BC01325235C5096006102DA /* ValidationRule.swift in Sources */,
				2BC01317235C5096006102DA /* ValidationPattern.swift in Sources */,
				2BC01318235C5096006102DA /* ValidationError.swift in Sources */,
				2BC0131A235C5096006102DA /* UISwitch+ValidatableControl.swift in Sources */,
				2BC01319235C5096006102DA /* ValidationResult.swift in Sources */,
				2BC01323235C5096006102DA /* ErrorPresentableControl.swift in Sources */,
				2BC01320235C5096006102DA /* ValidationRuleDecimal.swift in Sources */,
				2BC0131C235C5096006102DA /* UISlider+ValidatableControl.swift in Sources */,
				2BC01315235C5096006102DA /* Validator.swift in Sources */,
				2BC01314235C5096006102DA /* FormValidator.swift in Sources */,
				2BC0131B235C5096006102DA /* UITextField+ValidatableControl.swift in Sources */,
				2BC01321235C5096006102DA /* ValidationRuleRequired.swift in Sources */,
				2BC01275235B8D13006102DA /* ViewController.swift in Sources */,
				2BC01273235B8D13006102DA /* AppDelegate.swift in Sources */,
				2BC0131D235C5096006102DA /* ValidationRuleEqual.swift in Sources */,
				2BC01322235C5096006102DA /* ValidationRuleLength.swift in Sources */,
				2BC0131F235C5096006102DA /* ValidationRulePattern.swift in Sources */,
				2BC01324235C5096006102DA /* ValidatableControl.swift in Sources */,
			);
			runOnlyForDeploymentPostprocessing = 0;
		};
/* End PBXSourcesBuildPhase section */

/* Begin PBXVariantGroup section */
		2BC01276235B8D13006102DA /* Main.storyboard */ = {
			isa = PBXVariantGroup;
			children = (
				2BC01277235B8D13006102DA /* Base */,
			);
			name = Main.storyboard;
			sourceTree = "<group>";
		};
		2BC0127B235B8D14006102DA /* LaunchScreen.storyboard */ = {
			isa = PBXVariantGroup;
			children = (
				2BC0127C235B8D14006102DA /* Base */,
			);
			name = LaunchScreen.storyboard;
			sourceTree = "<group>";
		};
/* End PBXVariantGroup section */

/* Begin XCBuildConfiguration section */
		2BC0127F235B8D14006102DA /* Debug */ = {
			isa = XCBuildConfiguration;
			buildSettings = {
				ALWAYS_SEARCH_USER_PATHS = NO;
				CLANG_ANALYZER_NONNULL = YES;
				CLANG_ANALYZER_NUMBER_OBJECT_CONVERSION = YES_AGGRESSIVE;
				CLANG_CXX_LANGUAGE_STANDARD = "gnu++14";
				CLANG_CXX_LIBRARY = "libc++";
				CLANG_ENABLE_MODULES = YES;
				CLANG_ENABLE_OBJC_ARC = YES;
				CLANG_ENABLE_OBJC_WEAK = YES;
				CLANG_WARN_BLOCK_CAPTURE_AUTORELEASING = YES;
				CLANG_WARN_BOOL_CONVERSION = YES;
				CLANG_WARN_COMMA = YES;
				CLANG_WARN_CONSTANT_CONVERSION = YES;
				CLANG_WARN_DEPRECATED_OBJC_IMPLEMENTATIONS = YES;
				CLANG_WARN_DIRECT_OBJC_ISA_USAGE = YES_ERROR;
				CLANG_WARN_DOCUMENTATION_COMMENTS = YES;
				CLANG_WARN_EMPTY_BODY = YES;
				CLANG_WARN_ENUM_CONVERSION = YES;
				CLANG_WARN_INFINITE_RECURSION = YES;
				CLANG_WARN_INT_CONVERSION = YES;
				CLANG_WARN_NON_LITERAL_NULL_CONVERSION = YES;
				CLANG_WARN_OBJC_IMPLICIT_RETAIN_SELF = YES;
				CLANG_WARN_OBJC_LITERAL_CONVERSION = YES;
				CLANG_WARN_OBJC_ROOT_CLASS = YES_ERROR;
				CLANG_WARN_RANGE_LOOP_ANALYSIS = YES;
				CLANG_WARN_STRICT_PROTOTYPES = YES;
				CLANG_WARN_SUSPICIOUS_MOVE = YES;
				CLANG_WARN_UNGUARDED_AVAILABILITY = YES_AGGRESSIVE;
				CLANG_WARN_UNREACHABLE_CODE = YES;
				CLANG_WARN__DUPLICATE_METHOD_MATCH = YES;
				CODE_SIGN_IDENTITY = "iPhone Developer";
				COPY_PHASE_STRIP = NO;
				DEBUG_INFORMATION_FORMAT = dwarf;
				ENABLE_STRICT_OBJC_MSGSEND = YES;
				ENABLE_TESTABILITY = YES;
				GCC_C_LANGUAGE_STANDARD = gnu11;
				GCC_DYNAMIC_NO_PIC = NO;
				GCC_NO_COMMON_BLOCKS = YES;
				GCC_OPTIMIZATION_LEVEL = 0;
				GCC_PREPROCESSOR_DEFINITIONS = (
					"DEBUG=1",
					"$(inherited)",
				);
				GCC_WARN_64_TO_32_BIT_CONVERSION = YES;
				GCC_WARN_ABOUT_RETURN_TYPE = YES_ERROR;
				GCC_WARN_UNDECLARED_SELECTOR = YES;
				GCC_WARN_UNINITIALIZED_AUTOS = YES_AGGRESSIVE;
				GCC_WARN_UNUSED_FUNCTION = YES;
				GCC_WARN_UNUSED_VARIABLE = YES;
				IPHONEOS_DEPLOYMENT_TARGET = 12.4;
				MTL_ENABLE_DEBUG_INFO = INCLUDE_SOURCE;
				MTL_FAST_MATH = YES;
				ONLY_ACTIVE_ARCH = YES;
				SDKROOT = iphoneos;
				SWIFT_ACTIVE_COMPILATION_CONDITIONS = DEBUG;
				SWIFT_OPTIMIZATION_LEVEL = "-Onone";
			};
			name = Debug;
		};
		2BC01280235B8D14006102DA /* Release */ = {
			isa = XCBuildConfiguration;
			buildSettings = {
				ALWAYS_SEARCH_USER_PATHS = NO;
				CLANG_ANALYZER_NONNULL = YES;
				CLANG_ANALYZER_NUMBER_OBJECT_CONVERSION = YES_AGGRESSIVE;
				CLANG_CXX_LANGUAGE_STANDARD = "gnu++14";
				CLANG_CXX_LIBRARY = "libc++";
				CLANG_ENABLE_MODULES = YES;
				CLANG_ENABLE_OBJC_ARC = YES;
				CLANG_ENABLE_OBJC_WEAK = YES;
				CLANG_WARN_BLOCK_CAPTURE_AUTORELEASING = YES;
				CLANG_WARN_BOOL_CONVERSION = YES;
				CLANG_WARN_COMMA = YES;
				CLANG_WARN_CONSTANT_CONVERSION = YES;
				CLANG_WARN_DEPRECATED_OBJC_IMPLEMENTATIONS = YES;
				CLANG_WARN_DIRECT_OBJC_ISA_USAGE = YES_ERROR;
				CLANG_WARN_DOCUMENTATION_COMMENTS = YES;
				CLANG_WARN_EMPTY_BODY = YES;
				CLANG_WARN_ENUM_CONVERSION = YES;
				CLANG_WARN_INFINITE_RECURSION = YES;
				CLANG_WARN_INT_CONVERSION = YES;
				CLANG_WARN_NON_LITERAL_NULL_CONVERSION = YES;
				CLANG_WARN_OBJC_IMPLICIT_RETAIN_SELF = YES;
				CLANG_WARN_OBJC_LITERAL_CONVERSION = YES;
				CLANG_WARN_OBJC_ROOT_CLASS = YES_ERROR;
				CLANG_WARN_RANGE_LOOP_ANALYSIS = YES;
				CLANG_WARN_STRICT_PROTOTYPES = YES;
				CLANG_WARN_SUSPICIOUS_MOVE = YES;
				CLANG_WARN_UNGUARDED_AVAILABILITY = YES_AGGRESSIVE;
				CLANG_WARN_UNREACHABLE_CODE = YES;
				CLANG_WARN__DUPLICATE_METHOD_MATCH = YES;
				CODE_SIGN_IDENTITY = "iPhone Developer";
				COPY_PHASE_STRIP = NO;
				DEBUG_INFORMATION_FORMAT = "dwarf-with-dsym";
				ENABLE_NS_ASSERTIONS = NO;
				ENABLE_STRICT_OBJC_MSGSEND = YES;
				GCC_C_LANGUAGE_STANDARD = gnu11;
				GCC_NO_COMMON_BLOCKS = YES;
				GCC_WARN_64_TO_32_BIT_CONVERSION = YES;
				GCC_WARN_ABOUT_RETURN_TYPE = YES_ERROR;
				GCC_WARN_UNDECLARED_SELECTOR = YES;
				GCC_WARN_UNINITIALIZED_AUTOS = YES_AGGRESSIVE;
				GCC_WARN_UNUSED_FUNCTION = YES;
				GCC_WARN_UNUSED_VARIABLE = YES;
				IPHONEOS_DEPLOYMENT_TARGET = 12.4;
				MTL_ENABLE_DEBUG_INFO = NO;
				MTL_FAST_MATH = YES;
				SDKROOT = iphoneos;
				SWIFT_COMPILATION_MODE = wholemodule;
				SWIFT_OPTIMIZATION_LEVEL = "-O";
				VALIDATE_PRODUCT = YES;
			};
			name = Release;
		};
		2BC01282235B8D14006102DA /* Debug */ = {
			isa = XCBuildConfiguration;
			buildSettings = {
				ASSETCATALOG_COMPILER_APPICON_NAME = AppIcon;
				CODE_SIGN_STYLE = Automatic;
				DEVELOPMENT_TEAM = G7V9NR2ZXA;
				INFOPLIST_FILE = Example/Info.plist;
				LD_RUNPATH_SEARCH_PATHS = (
					"$(inherited)",
					"@executable_path/Frameworks",
				);
				PRODUCT_BUNDLE_IDENTIFIER = dk.stejlborg.formvalidator.Example;
				PRODUCT_NAME = "$(TARGET_NAME)";
				SWIFT_VERSION = 5.0;
				TARGETED_DEVICE_FAMILY = "1,2";
			};
			name = Debug;
		};
		2BC01283235B8D14006102DA /* Release */ = {
			isa = XCBuildConfiguration;
			buildSettings = {
				ASSETCATALOG_COMPILER_APPICON_NAME = AppIcon;
				CODE_SIGN_STYLE = Automatic;
				DEVELOPMENT_TEAM = G7V9NR2ZXA;
				INFOPLIST_FILE = Example/Info.plist;
				LD_RUNPATH_SEARCH_PATHS = (
					"$(inherited)",
					"@executable_path/Frameworks",
				);
				PRODUCT_BUNDLE_IDENTIFIER = dk.stejlborg.formvalidator.Example;
				PRODUCT_NAME = "$(TARGET_NAME)";
				SWIFT_VERSION = 5.0;
				TARGETED_DEVICE_FAMILY = "1,2";
			};
			name = Release;
		};
/* End XCBuildConfiguration section */

/* Begin XCConfigurationList section */
		2BC0126A235B8D13006102DA /* Build configuration list for PBXProject "Example" */ = {
			isa = XCConfigurationList;
			buildConfigurations = (
				2BC0127F235B8D14006102DA /* Debug */,
				2BC01280235B8D14006102DA /* Release */,
			);
			defaultConfigurationIsVisible = 0;
			defaultConfigurationName = Release;
		};
		2BC01281235B8D14006102DA /* Build configuration list for PBXNativeTarget "Example" */ = {
			isa = XCConfigurationList;
			buildConfigurations = (
				2BC01282235B8D14006102DA /* Debug */,
				2BC01283235B8D14006102DA /* Release */,
			);
			defaultConfigurationIsVisible = 0;
			defaultConfigurationName = Release;
		};
/* End XCConfigurationList section */
	};
	rootObject = 2BC01267235B8D13006102DA /* Project object */;
}
