// !$*UTF8*$!
{
	archiveVersion = 1;
	classes = {
	};
	objectVersion = 50;
	objects = {

/* Begin PBXBuildFile section */
		2BC01230235B66BE006102DA /* FormValidator.framework in Frameworks */ = {isa = PBXBuildFile; fileRef = 2BC01226235B66BE006102DA /* FormValidator.framework */; };
		2BC01237235B66BE006102DA /* FormValidator.h in Headers */ = {isa = PBXBuildFile; fileRef = 2BC01229235B66BE006102DA /* FormValidator.h */; settings = {ATTRIBUTES = (Public, ); }; };
		2BC012E9235B906C006102DA /* FormValidator.swift in Sources */ = {isa = PBXBuildFile; fileRef = 2BC012D5235B906C006102DA /* FormValidator.swift */; };
		2BC012EA235B906C006102DA /* Validator.swift in Sources */ = {isa = PBXBuildFile; fileRef = 2BC012D6235B906C006102DA /* Validator.swift */; };
		2BC012EB235B906C006102DA /* ValidationRuleType.swift in Sources */ = {isa = PBXBuildFile; fileRef = 2BC012D8235B906C006102DA /* ValidationRuleType.swift */; };
		2BC012EC235B906C006102DA /* ValidationPattern.swift in Sources */ = {isa = PBXBuildFile; fileRef = 2BC012D9235B906C006102DA /* ValidationPattern.swift */; };
		2BC012ED235B906C006102DA /* ValidationError.swift in Sources */ = {isa = PBXBuildFile; fileRef = 2BC012DA235B906C006102DA /* ValidationError.swift */; };
		2BC012EE235B906C006102DA /* ValidationResult.swift in Sources */ = {isa = PBXBuildFile; fileRef = 2BC012DB235B906C006102DA /* ValidationResult.swift */; };
		2BC012EF235B906C006102DA /* UISwitch+ValidatableControl.swift in Sources */ = {isa = PBXBuildFile; fileRef = 2BC012DD235B906C006102DA /* UISwitch+ValidatableControl.swift */; };
		2BC012F0235B906C006102DA /* UITextField+ValidatableControl.swift in Sources */ = {isa = PBXBuildFile; fileRef = 2BC012DE235B906C006102DA /* UITextField+ValidatableControl.swift */; };
		2BC012F1235B906C006102DA /* UISlider+ValidatableControl.swift in Sources */ = {isa = PBXBuildFile; fileRef = 2BC012DF235B906C006102DA /* UISlider+ValidatableControl.swift */; };
		2BC012F2235B906C006102DA /* ValidationRuleEqual.swift in Sources */ = {isa = PBXBuildFile; fileRef = 2BC012E1235B906C006102DA /* ValidationRuleEqual.swift */; };
		2BC012F3235B906C006102DA /* ValidationRulePattern.swift in Sources */ = {isa = PBXBuildFile; fileRef = 2BC012E2235B906C006102DA /* ValidationRulePattern.swift */; };
		2BC012F4235B906C006102DA /* ValidationRuleRequired.swift in Sources */ = {isa = PBXBuildFile; fileRef = 2BC012E3235B906C006102DA /* ValidationRuleRequired.swift */; };
		2BC012F5235B906C006102DA /* ValidationRuleLength.swift in Sources */ = {isa = PBXBuildFile; fileRef = 2BC012E4235B906C006102DA /* ValidationRuleLength.swift */; };
		2BC012F6235B906C006102DA /* ErrorPresentableControl.swift in Sources */ = {isa = PBXBuildFile; fileRef = 2BC012E6235B906C006102DA /* ErrorPresentableControl.swift */; };
		2BC012F7235B906C006102DA /* ValidatableControl.swift in Sources */ = {isa = PBXBuildFile; fileRef = 2BC012E7235B906C006102DA /* ValidatableControl.swift */; };
		2BC012F8235B906C006102DA /* ValidationRule.swift in Sources */ = {isa = PBXBuildFile; fileRef = 2BC012E8235B906C006102DA /* ValidationRule.swift */; };
/* End PBXBuildFile section */

/* Begin PBXContainerItemProxy section */
		2BC01231235B66BE006102DA /* PBXContainerItemProxy */ = {
			isa = PBXContainerItemProxy;
			containerPortal = 2BC0121D235B66BE006102DA /* Project object */;
			proxyType = 1;
			remoteGlobalIDString = 2BC01225235B66BE006102DA;
			remoteInfo = FormValidator;
		};
/* End PBXContainerItemProxy section */

/* Begin PBXFileReference section */
		2BC01226235B66BE006102DA /* FormValidator.framework */ = {isa = PBXFileReference; explicitFileType = wrapper.framework; includeInIndex = 0; path = FormValidator.framework; sourceTree = BUILT_PRODUCTS_DIR; };
		2BC01229235B66BE006102DA /* FormValidator.h */ = {isa = PBXFileReference; lastKnownFileType = sourcecode.c.h; path = FormValidator.h; sourceTree = "<group>"; };
		2BC0122A235B66BE006102DA /* Info.plist */ = {isa = PBXFileReference; lastKnownFileType = text.plist.xml; path = Info.plist; sourceTree = "<group>"; };
		2BC0122F235B66BE006102DA /* FormValidatorTests.xctest */ = {isa = PBXFileReference; explicitFileType = wrapper.cfbundle; includeInIndex = 0; path = FormValidatorTests.xctest; sourceTree = BUILT_PRODUCTS_DIR; };
		2BC01236235B66BE006102DA /* Info.plist */ = {isa = PBXFileReference; lastKnownFileType = text.plist.xml; path = Info.plist; sourceTree = "<group>"; };
		2BC012D5235B906C006102DA /* FormValidator.swift */ = {isa = PBXFileReference; fileEncoding = 4; lastKnownFileType = sourcecode.swift; path = FormValidator.swift; sourceTree = "<group>"; };
		2BC012D6235B906C006102DA /* Validator.swift */ = {isa = PBXFileReference; fileEncoding = 4; lastKnownFileType = sourcecode.swift; path = Validator.swift; sourceTree = "<group>"; };
		2BC012D8235B906C006102DA /* ValidationRuleType.swift */ = {isa = PBXFileReference; fileEncoding = 4; lastKnownFileType = sourcecode.swift; path = ValidationRuleType.swift; sourceTree = "<group>"; };
		2BC012D9235B906C006102DA /* ValidationPattern.swift */ = {isa = PBXFileReference; fileEncoding = 4; lastKnownFileType = sourcecode.swift; path = ValidationPattern.swift; sourceTree = "<group>"; };
		2BC012DA235B906C006102DA /* ValidationError.swift */ = {isa = PBXFileReference; fileEncoding = 4; lastKnownFileType = sourcecode.swift; path = ValidationError.swift; sourceTree = "<group>"; };
		2BC012DB235B906C006102DA /* ValidationResult.swift */ = {isa = PBXFileReference; fileEncoding = 4; lastKnownFileType = sourcecode.swift; path = ValidationResult.swift; sourceTree = "<group>"; };
		2BC012DD235B906C006102DA /* UISwitch+ValidatableControl.swift */ = {isa = PBXFileReference; fileEncoding = 4; lastKnownFileType = sourcecode.swift; path = "UISwitch+ValidatableControl.swift"; sourceTree = "<group>"; };
		2BC012DE235B906C006102DA /* UITextField+ValidatableControl.swift */ = {isa = PBXFileReference; fileEncoding = 4; lastKnownFileType = sourcecode.swift; path = "UITextField+ValidatableControl.swift"; sourceTree = "<group>"; };
		2BC012DF235B906C006102DA /* UISlider+ValidatableControl.swift */ = {isa = PBXFileReference; fileEncoding = 4; lastKnownFileType = sourcecode.swift; path = "UISlider+ValidatableControl.swift"; sourceTree = "<group>"; };
		2BC012E1235B906C006102DA /* ValidationRuleEqual.swift */ = {isa = PBXFileReference; fileEncoding = 4; lastKnownFileType = sourcecode.swift; path = ValidationRuleEqual.swift; sourceTree = "<group>"; };
		2BC012E2235B906C006102DA /* ValidationRulePattern.swift */ = {isa = PBXFileReference; fileEncoding = 4; lastKnownFileType = sourcecode.swift; path = ValidationRulePattern.swift; sourceTree = "<group>"; };
		2BC012E3235B906C006102DA /* ValidationRuleRequired.swift */ = {isa = PBXFileReference; fileEncoding = 4; lastKnownFileType = sourcecode.swift; path = ValidationRuleRequired.swift; sourceTree = "<group>"; };
		2BC012E4235B906C006102DA /* ValidationRuleLength.swift */ = {isa = PBXFileReference; fileEncoding = 4; lastKnownFileType = sourcecode.swift; path = ValidationRuleLength.swift; sourceTree = "<group>"; };
		2BC012E6235B906C006102DA /* ErrorPresentableControl.swift */ = {isa = PBXFileReference; fileEncoding = 4; lastKnownFileType = sourcecode.swift; path = ErrorPresentableControl.swift; sourceTree = "<group>"; };
		2BC012E7235B906C006102DA /* ValidatableControl.swift */ = {isa = PBXFileReference; fileEncoding = 4; lastKnownFileType = sourcecode.swift; path = ValidatableControl.swift; sourceTree = "<group>"; };
		2BC012E8235B906C006102DA /* ValidationRule.swift */ = {isa = PBXFileReference; fileEncoding = 4; lastKnownFileType = sourcecode.swift; path = ValidationRule.swift; sourceTree = "<group>"; };
/* End PBXFileReference section */

/* Begin PBXFrameworksBuildPhase section */
		2BC01223235B66BE006102DA /* Frameworks */ = {
			isa = PBXFrameworksBuildPhase;
			buildActionMask = 2147483647;
			files = (
			);
			runOnlyForDeploymentPostprocessing = 0;
		};
		2BC0122C235B66BE006102DA /* Frameworks */ = {
			isa = PBXFrameworksBuildPhase;
			buildActionMask = 2147483647;
			files = (
				2BC01230235B66BE006102DA /* FormValidator.framework in Frameworks */,
			);
			runOnlyForDeploymentPostprocessing = 0;
		};
/* End PBXFrameworksBuildPhase section */

/* Begin PBXGroup section */
		2BC0121C235B66BE006102DA = {
			isa = PBXGroup;
			children = (
				2BC01228235B66BE006102DA /* FormValidator */,
				2BC01233235B66BE006102DA /* FormValidatorTests */,
				2BC01227235B66BE006102DA /* Products */,
			);
			sourceTree = "<group>";
		};
		2BC01227235B66BE006102DA /* Products */ = {
			isa = PBXGroup;
			children = (
				2BC01226235B66BE006102DA /* FormValidator.framework */,
				2BC0122F235B66BE006102DA /* FormValidatorTests.xctest */,
			);
			name = Products;
			sourceTree = "<group>";
		};
		2BC01228235B66BE006102DA /* FormValidator */ = {
			isa = PBXGroup;
			children = (
				2BC012D4235B906C006102DA /* Source */,
				2BC01229235B66BE006102DA /* FormValidator.h */,
				2BC0122A235B66BE006102DA /* Info.plist */,
			);
			path = FormValidator;
			sourceTree = "<group>";
		};
		2BC01233235B66BE006102DA /* FormValidatorTests */ = {
			isa = PBXGroup;
			children = (
				2BC01236235B66BE006102DA /* Info.plist */,
			);
			path = FormValidatorTests;
			sourceTree = "<group>";
		};
		2BC012D4235B906C006102DA /* Source */ = {
			isa = PBXGroup;
			children = (
				2BC012D5235B906C006102DA /* FormValidator.swift */,
				2BC012D6235B906C006102DA /* Validator.swift */,
				2BC012D7235B906C006102DA /* Models */,
				2BC012DC235B906C006102DA /* Extensions */,
				2BC012E0235B906C006102DA /* ValidationRules */,
				2BC012E5235B906C006102DA /* Protocols */,
			);
			path = Source;
			sourceTree = "<group>";
		};
		2BC012D7235B906C006102DA /* Models */ = {
			isa = PBXGroup;
			children = (
				2BC012D8235B906C006102DA /* ValidationRuleType.swift */,
				2BC012D9235B906C006102DA /* ValidationPattern.swift */,
				2BC012DA235B906C006102DA /* ValidationError.swift */,
				2BC012DB235B906C006102DA /* ValidationResult.swift */,
			);
			path = Models;
			sourceTree = "<group>";
		};
		2BC012DC235B906C006102DA /* Extensions */ = {
			isa = PBXGroup;
			children = (
				2BC012DD235B906C006102DA /* UISwitch+ValidatableControl.swift */,
				2BC012DE235B906C006102DA /* UITextField+ValidatableControl.swift */,
				2BC012DF235B906C006102DA /* UISlider+ValidatableControl.swift */,
			);
			path = Extensions;
			sourceTree = "<group>";
		};
		2BC012E0235B906C006102DA /* ValidationRules */ = {
			isa = PBXGroup;
			children = (
				2BC012E1235B906C006102DA /* ValidationRuleEqual.swift */,
				2BC012E2235B906C006102DA /* ValidationRulePattern.swift */,
				2BC012E3235B906C006102DA /* ValidationRuleRequired.swift */,
				2BC012E4235B906C006102DA /* ValidationRuleLength.swift */,
			);
			path = ValidationRules;
			sourceTree = "<group>";
		};
		2BC012E5235B906C006102DA /* Protocols */ = {
			isa = PBXGroup;
			children = (
				2BC012E6235B906C006102DA /* ErrorPresentableControl.swift */,
				2BC012E7235B906C006102DA /* ValidatableControl.swift */,
				2BC012E8235B906C006102DA /* ValidationRule.swift */,
			);
			path = Protocols;
			sourceTree = "<group>";
		};
/* End PBXGroup section */

/* Begin PBXHeadersBuildPhase section */
		2BC01221235B66BE006102DA /* Headers */ = {
			isa = PBXHeadersBuildPhase;
			buildActionMask = 2147483647;
			files = (
				2BC01237235B66BE006102DA /* FormValidator.h in Headers */,
			);
			runOnlyForDeploymentPostprocessing = 0;
		};
/* End PBXHeadersBuildPhase section */

/* Begin PBXNativeTarget section */
		2BC01225235B66BE006102DA /* FormValidator */ = {
			isa = PBXNativeTarget;
			buildConfigurationList = 2BC0123A235B66BF006102DA /* Build configuration list for PBXNativeTarget "FormValidator" */;
			buildPhases = (
				2BC01221235B66BE006102DA /* Headers */,
				2BC01222235B66BE006102DA /* Sources */,
				2BC01223235B66BE006102DA /* Frameworks */,
				2BC01224235B66BE006102DA /* Resources */,
			);
			buildRules = (
			);
			dependencies = (
			);
			name = FormValidator;
			productName = FormValidator;
			productReference = 2BC01226235B66BE006102DA /* FormValidator.framework */;
			productType = "com.apple.product-type.framework";
		};
		2BC0122E235B66BE006102DA /* FormValidatorTests */ = {
			isa = PBXNativeTarget;
			buildConfigurationList = 2BC0123D235B66BF006102DA /* Build configuration list for PBXNativeTarget "FormValidatorTests" */;
			buildPhases = (
				2BC0122B235B66BE006102DA /* Sources */,
				2BC0122C235B66BE006102DA /* Frameworks */,
				2BC0122D235B66BE006102DA /* Resources */,
			);
			buildRules = (
			);
			dependencies = (
				2BC01232235B66BE006102DA /* PBXTargetDependency */,
			);
			name = FormValidatorTests;
			productName = FormValidatorTests;
			productReference = 2BC0122F235B66BE006102DA /* FormValidatorTests.xctest */;
			productType = "com.apple.product-type.bundle.unit-test";
		};
/* End PBXNativeTarget section */

/* Begin PBXProject section */
		2BC0121D235B66BE006102DA /* Project object */ = {
			isa = PBXProject;
			attributes = {
				LastSwiftUpdateCheck = 1030;
				LastUpgradeCheck = 1030;
				ORGANIZATIONNAME = "Allan Stejlborg";
				TargetAttributes = {
					2BC01225235B66BE006102DA = {
						CreatedOnToolsVersion = 10.3;
						LastSwiftMigration = 1030;
					};
					2BC0122E235B66BE006102DA = {
						CreatedOnToolsVersion = 10.3;
					};
				};
			};
			buildConfigurationList = 2BC01220235B66BE006102DA /* Build configuration list for PBXProject "FormValidator" */;
			compatibilityVersion = "Xcode 9.3";
			developmentRegion = en;
			hasScannedForEncodings = 0;
			knownRegions = (
				en,
			);
			mainGroup = 2BC0121C235B66BE006102DA;
			productRefGroup = 2BC01227235B66BE006102DA /* Products */;
			projectDirPath = "";
			projectRoot = "";
			targets = (
				2BC01225235B66BE006102DA /* FormValidator */,
				2BC0122E235B66BE006102DA /* FormValidatorTests */,
			);
		};
/* End PBXProject section */

/* Begin PBXResourcesBuildPhase section */
		2BC01224235B66BE006102DA /* Resources */ = {
			isa = PBXResourcesBuildPhase;
			buildActionMask = 2147483647;
			files = (
			);
			runOnlyForDeploymentPostprocessing = 0;
		};
		2BC0122D235B66BE006102DA /* Resources */ = {
			isa = PBXResourcesBuildPhase;
			buildActionMask = 2147483647;
			files = (
			);
			runOnlyForDeploymentPostprocessing = 0;
		};
/* End PBXResourcesBuildPhase section */

/* Begin PBXSourcesBuildPhase section */
		2BC01222235B66BE006102DA /* Sources */ = {
			isa = PBXSourcesBuildPhase;
			buildActionMask = 2147483647;
			files = (
				2BC012F6235B906C006102DA /* ErrorPresentableControl.swift in Sources */,
				2BC012EA235B906C006102DA /* Validator.swift in Sources */,
				2BC012F8235B906C006102DA /* ValidationRule.swift in Sources */,
				2BC012F5235B906C006102DA /* ValidationRuleLength.swift in Sources */,
				2BC012F2235B906C006102DA /* ValidationRuleEqual.swift in Sources */,
				2BC012F7235B906C006102DA /* ValidatableControl.swift in Sources */,
				2BC012ED235B906C006102DA /* ValidationError.swift in Sources */,
				2BC012EB235B906C006102DA /* ValidationRuleType.swift in Sources */,
				2BC012F1235B906C006102DA /* UISlider+ValidatableControl.swift in Sources */,
				2BC012F3235B906C006102DA /* ValidationRulePattern.swift in Sources */,
				2BC012F0235B906C006102DA /* UITextField+ValidatableControl.swift in Sources */,
				2BC012F4235B906C006102DA /* ValidationRuleRequired.swift in Sources */,
				2BC012E9235B906C006102DA /* FormValidator.swift in Sources */,
				2BC012EF235B906C006102DA /* UISwitch+ValidatableControl.swift in Sources */,
				2BC012EC235B906C006102DA /* ValidationPattern.swift in Sources */,
				2BC012EE235B906C006102DA /* ValidationResult.swift in Sources */,
			);
			runOnlyForDeploymentPostprocessing = 0;
		};
		2BC0122B235B66BE006102DA /* Sources */ = {
			isa = PBXSourcesBuildPhase;
			buildActionMask = 2147483647;
			files = (
			);
			runOnlyForDeploymentPostprocessing = 0;
		};
/* End PBXSourcesBuildPhase section */

/* Begin PBXTargetDependency section */
		2BC01232235B66BE006102DA /* PBXTargetDependency */ = {
			isa = PBXTargetDependency;
			target = 2BC01225235B66BE006102DA /* FormValidator */;
			targetProxy = 2BC01231235B66BE006102DA /* PBXContainerItemProxy */;
		};
/* End PBXTargetDependency section */

/* Begin XCBuildConfiguration section */
		2BC01238235B66BE006102DA /* Debug */ = {
			isa = XCBuildConfiguration;
			buildSettings = {
				ALWAYS_SEARCH_USER_PATHS = NO;
				CLANG_ANALYZER_NONNULL = YES;
				CLANG_ANALYZER_NUMBER_OBJECT_CONVERSION = YES_AGGRESSIVE;
				CLANG_CXX_LANGUAGE_STANDARD = "gnu++14";
				CLANG_CXX_LIBRARY = "libc++";
				CLANG_ENABLE_MODULES = YES;
				CLANG_ENABLE_OBJC_ARC = YES;
				CLANG_ENABLE_OBJC_WEAK = YES;
				CLANG_WARN_BLOCK_CAPTURE_AUTORELEASING = YES;
				CLANG_WARN_BOOL_CONVERSION = YES;
				CLANG_WARN_COMMA = YES;
				CLANG_WARN_CONSTANT_CONVERSION = YES;
				CLANG_WARN_DEPRECATED_OBJC_IMPLEMENTATIONS = YES;
				CLANG_WARN_DIRECT_OBJC_ISA_USAGE = YES_ERROR;
				CLANG_WARN_DOCUMENTATION_COMMENTS = YES;
				CLANG_WARN_EMPTY_BODY = YES;
				CLANG_WARN_ENUM_CONVERSION = YES;
				CLANG_WARN_INFINITE_RECURSION = YES;
				CLANG_WARN_INT_CONVERSION = YES;
				CLANG_WARN_NON_LITERAL_NULL_CONVERSION = YES;
				CLANG_WARN_OBJC_IMPLICIT_RETAIN_SELF = YES;
				CLANG_WARN_OBJC_LITERAL_CONVERSION = YES;
				CLANG_WARN_OBJC_ROOT_CLASS = YES_ERROR;
				CLANG_WARN_RANGE_LOOP_ANALYSIS = YES;
				CLANG_WARN_STRICT_PROTOTYPES = YES;
				CLANG_WARN_SUSPICIOUS_MOVE = YES;
				CLANG_WARN_UNGUARDED_AVAILABILITY = YES_AGGRESSIVE;
				CLANG_WARN_UNREACHABLE_CODE = YES;
				CLANG_WARN__DUPLICATE_METHOD_MATCH = YES;
				CODE_SIGN_IDENTITY = "iPhone Developer";
				COPY_PHASE_STRIP = NO;
				CURRENT_PROJECT_VERSION = 1;
				DEBUG_INFORMATION_FORMAT = dwarf;
				ENABLE_STRICT_OBJC_MSGSEND = YES;
				ENABLE_TESTABILITY = YES;
				GCC_C_LANGUAGE_STANDARD = gnu11;
				GCC_DYNAMIC_NO_PIC = NO;
				GCC_NO_COMMON_BLOCKS = YES;
				GCC_OPTIMIZATION_LEVEL = 0;
				GCC_PREPROCESSOR_DEFINITIONS = (
					"DEBUG=1",
					"$(inherited)",
				);
				GCC_WARN_64_TO_32_BIT_CONVERSION = YES;
				GCC_WARN_ABOUT_RETURN_TYPE = YES_ERROR;
				GCC_WARN_UNDECLARED_SELECTOR = YES;
				GCC_WARN_UNINITIALIZED_AUTOS = YES_AGGRESSIVE;
				GCC_WARN_UNUSED_FUNCTION = YES;
				GCC_WARN_UNUSED_VARIABLE = YES;
				IPHONEOS_DEPLOYMENT_TARGET = 11.0;
				MTL_ENABLE_DEBUG_INFO = INCLUDE_SOURCE;
				MTL_FAST_MATH = YES;
				ONLY_ACTIVE_ARCH = YES;
				SDKROOT = iphoneos;
				SWIFT_ACTIVE_COMPILATION_CONDITIONS = DEBUG;
				SWIFT_OPTIMIZATION_LEVEL = "-Onone";
				VERSIONING_SYSTEM = "apple-generic";
				VERSION_INFO_PREFIX = "";
			};
			name = Debug;
		};
		2BC01239235B66BF006102DA /* Release */ = {
			isa = XCBuildConfiguration;
			buildSettings = {
				ALWAYS_SEARCH_USER_PATHS = NO;
				CLANG_ANALYZER_NONNULL = YES;
				CLANG_ANALYZER_NUMBER_OBJECT_CONVERSION = YES_AGGRESSIVE;
				CLANG_CXX_LANGUAGE_STANDARD = "gnu++14";
				CLANG_CXX_LIBRARY = "libc++";
				CLANG_ENABLE_MODULES = YES;
				CLANG_ENABLE_OBJC_ARC = YES;
				CLANG_ENABLE_OBJC_WEAK = YES;
				CLANG_WARN_BLOCK_CAPTURE_AUTORELEASING = YES;
				CLANG_WARN_BOOL_CONVERSION = YES;
				CLANG_WARN_COMMA = YES;
				CLANG_WARN_CONSTANT_CONVERSION = YES;
				CLANG_WARN_DEPRECATED_OBJC_IMPLEMENTATIONS = YES;
				CLANG_WARN_DIRECT_OBJC_ISA_USAGE = YES_ERROR;
				CLANG_WARN_DOCUMENTATION_COMMENTS = YES;
				CLANG_WARN_EMPTY_BODY = YES;
				CLANG_WARN_ENUM_CONVERSION = YES;
				CLANG_WARN_INFINITE_RECURSION = YES;
				CLANG_WARN_INT_CONVERSION = YES;
				CLANG_WARN_NON_LITERAL_NULL_CONVERSION = YES;
				CLANG_WARN_OBJC_IMPLICIT_RETAIN_SELF = YES;
				CLANG_WARN_OBJC_LITERAL_CONVERSION = YES;
				CLANG_WARN_OBJC_ROOT_CLASS = YES_ERROR;
				CLANG_WARN_RANGE_LOOP_ANALYSIS = YES;
				CLANG_WARN_STRICT_PROTOTYPES = YES;
				CLANG_WARN_SUSPICIOUS_MOVE = YES;
				CLANG_WARN_UNGUARDED_AVAILABILITY = YES_AGGRESSIVE;
				CLANG_WARN_UNREACHABLE_CODE = YES;
				CLANG_WARN__DUPLICATE_METHOD_MATCH = YES;
				CODE_SIGN_IDENTITY = "iPhone Developer";
				COPY_PHASE_STRIP = NO;
				CURRENT_PROJECT_VERSION = 1;
				DEBUG_INFORMATION_FORMAT = "dwarf-with-dsym";
				ENABLE_NS_ASSERTIONS = NO;
				ENABLE_STRICT_OBJC_MSGSEND = YES;
				GCC_C_LANGUAGE_STANDARD = gnu11;
				GCC_NO_COMMON_BLOCKS = YES;
				GCC_WARN_64_TO_32_BIT_CONVERSION = YES;
				GCC_WARN_ABOUT_RETURN_TYPE = YES_ERROR;
				GCC_WARN_UNDECLARED_SELECTOR = YES;
				GCC_WARN_UNINITIALIZED_AUTOS = YES_AGGRESSIVE;
				GCC_WARN_UNUSED_FUNCTION = YES;
				GCC_WARN_UNUSED_VARIABLE = YES;
				IPHONEOS_DEPLOYMENT_TARGET = 11.0;
				MTL_ENABLE_DEBUG_INFO = NO;
				MTL_FAST_MATH = YES;
				SDKROOT = iphoneos;
				SWIFT_COMPILATION_MODE = wholemodule;
				SWIFT_OPTIMIZATION_LEVEL = "-O";
				VALIDATE_PRODUCT = YES;
				VERSIONING_SYSTEM = "apple-generic";
				VERSION_INFO_PREFIX = "";
			};
			name = Release;
		};
		2BC0123B235B66BF006102DA /* Debug */ = {
			isa = XCBuildConfiguration;
			buildSettings = {
				CLANG_ENABLE_MODULES = YES;
				CODE_SIGN_IDENTITY = "";
				CODE_SIGN_STYLE = Automatic;
				DEFINES_MODULE = YES;
				DEVELOPMENT_TEAM = G7V9NR2ZXA;
				DYLIB_COMPATIBILITY_VERSION = 1;
				DYLIB_CURRENT_VERSION = 1;
				DYLIB_INSTALL_NAME_BASE = "@rpath";
				INFOPLIST_FILE = FormValidator/Info.plist;
				INSTALL_PATH = "$(LOCAL_LIBRARY_DIR)/Frameworks";
				LD_RUNPATH_SEARCH_PATHS = (
					"$(inherited)",
					"@executable_path/Frameworks",
					"@loader_path/Frameworks",
				);
				PRODUCT_BUNDLE_IDENTIFIER = dk.stejlborg.FormValidator;
				PRODUCT_NAME = "$(TARGET_NAME:c99extidentifier)";
				SKIP_INSTALL = YES;
				SWIFT_OPTIMIZATION_LEVEL = "-Onone";
				SWIFT_VERSION = 5.0;
				TARGETED_DEVICE_FAMILY = "1,2";
			};
			name = Debug;
		};
		2BC0123C235B66BF006102DA /* Release */ = {
			isa = XCBuildConfiguration;
			buildSettings = {
				CLANG_ENABLE_MODULES = YES;
				CODE_SIGN_IDENTITY = "";
				CODE_SIGN_STYLE = Automatic;
				DEFINES_MODULE = YES;
				DEVELOPMENT_TEAM = G7V9NR2ZXA;
				DYLIB_COMPATIBILITY_VERSION = 1;
				DYLIB_CURRENT_VERSION = 1;
				DYLIB_INSTALL_NAME_BASE = "@rpath";
				INFOPLIST_FILE = FormValidator/Info.plist;
				INSTALL_PATH = "$(LOCAL_LIBRARY_DIR)/Frameworks";
				LD_RUNPATH_SEARCH_PATHS = (
					"$(inherited)",
					"@executable_path/Frameworks",
					"@loader_path/Frameworks",
				);
				PRODUCT_BUNDLE_IDENTIFIER = dk.stejlborg.FormValidator;
				PRODUCT_NAME = "$(TARGET_NAME:c99extidentifier)";
				SKIP_INSTALL = YES;
				SWIFT_VERSION = 5.0;
				TARGETED_DEVICE_FAMILY = "1,2";
			};
			name = Release;
		};
		2BC0123E235B66BF006102DA /* Debug */ = {
			isa = XCBuildConfiguration;
			buildSettings = {
				ALWAYS_EMBED_SWIFT_STANDARD_LIBRARIES = YES;
				CODE_SIGN_STYLE = Automatic;
				DEVELOPMENT_TEAM = G7V9NR2ZXA;
				INFOPLIST_FILE = FormValidatorTests/Info.plist;
				LD_RUNPATH_SEARCH_PATHS = (
					"$(inherited)",
					"@executable_path/Frameworks",
					"@loader_path/Frameworks",
				);
				PRODUCT_BUNDLE_IDENTIFIER = dk.stejlborg.FormValidatorTests;
				PRODUCT_NAME = "$(TARGET_NAME)";
				SWIFT_VERSION = 5.0;
				TARGETED_DEVICE_FAMILY = "1,2";
			};
			name = Debug;
		};
		2BC0123F235B66BF006102DA /* Release */ = {
			isa = XCBuildConfiguration;
			buildSettings = {
				ALWAYS_EMBED_SWIFT_STANDARD_LIBRARIES = YES;
				CODE_SIGN_STYLE = Automatic;
				DEVELOPMENT_TEAM = G7V9NR2ZXA;
				INFOPLIST_FILE = FormValidatorTests/Info.plist;
				LD_RUNPATH_SEARCH_PATHS = (
					"$(inherited)",
					"@executable_path/Frameworks",
					"@loader_path/Frameworks",
				);
				PRODUCT_BUNDLE_IDENTIFIER = dk.stejlborg.FormValidatorTests;
				PRODUCT_NAME = "$(TARGET_NAME)";
				SWIFT_VERSION = 5.0;
				TARGETED_DEVICE_FAMILY = "1,2";
			};
			name = Release;
		};
/* End XCBuildConfiguration section */

/* Begin XCConfigurationList section */
		2BC01220235B66BE006102DA /* Build configuration list for PBXProject "FormValidator" */ = {
			isa = XCConfigurationList;
			buildConfigurations = (
				2BC01238235B66BE006102DA /* Debug */,
				2BC01239235B66BF006102DA /* Release */,
			);
			defaultConfigurationIsVisible = 0;
			defaultConfigurationName = Release;
		};
		2BC0123A235B66BF006102DA /* Build configuration list for PBXNativeTarget "FormValidator" */ = {
			isa = XCConfigurationList;
			buildConfigurations = (
				2BC0123B235B66BF006102DA /* Debug */,
				2BC0123C235B66BF006102DA /* Release */,
			);
			defaultConfigurationIsVisible = 0;
			defaultConfigurationName = Release;
		};
		2BC0123D235B66BF006102DA /* Build configuration list for PBXNativeTarget "FormValidatorTests" */ = {
			isa = XCConfigurationList;
			buildConfigurations = (
				2BC0123E235B66BF006102DA /* Debug */,
				2BC0123F235B66BF006102DA /* Release */,
			);
			defaultConfigurationIsVisible = 0;
			defaultConfigurationName = Release;
		};
/* End XCConfigurationList section */
	};
	rootObject = 2BC0121D235B66BE006102DA /* Project object */;
}
